
Microsoft Visual Studio Solution File, Format Version 12.00
# Visual Studio 15
VisualStudioVersion = 15.0.26730.16
MinimumVisualStudioVersion = 10.0.40219.1
Project("{FAE04EC0-301F-11D3-BF4B-00C04F79EFBC}") = "AccountSystem", "AccountSystem\AccountSystem.csproj", "{C18510B1-ED15-4CDE-8471-2384A30E03F2}"
	ProjectSection(ProjectDependencies) = postProject
		{7982E9EC-A714-46F5-82A7-F29A392ED0D3} = {7982E9EC-A714-46F5-82A7-F29A392ED0D3}
	EndProjectSection
EndProject
Project("{FAE04EC0-301F-11D3-BF4B-00C04F79EFBC}") = "AccountSystem.Data", "AccountSystem.Data\AccountSystem.Data.csproj", "{7982E9EC-A714-46F5-82A7-F29A392ED0D3}"
EndProject
Project("{FAE04EC0-301F-11D3-BF4B-00C04F79EFBC}") = "AccountSystem.Models", "AccountSystem.Models\AccountSystem.Models.csproj", "{849DEB5F-7006-4E54-BD82-C2A883CCCC4C}"
EndProject
Project("{FAE04EC0-301F-11D3-BF4B-00C04F79EFBC}") = "AccountSystem.Services", "AccountSystem.Services\AccountSystem.Services.csproj", "{7C371D52-4412-4D1C-A7EE-B0E09B2CE58A}"
EndProject
Global
	GlobalSection(SolutionConfigurationPlatforms) = preSolution
		Debug|Any CPU = Debug|Any CPU
		Release|Any CPU = Release|Any CPU
	EndGlobalSection
	GlobalSection(ProjectConfigurationPlatforms) = postSolution
		{C18510B1-ED15-4CDE-8471-2384A30E03F2}.Debug|Any CPU.ActiveCfg = Debug|Any CPU
		{C18510B1-ED15-4CDE-8471-2384A30E03F2}.Debug|Any CPU.Build.0 = Debug|Any CPU
		{C18510B1-ED15-4CDE-8471-2384A30E03F2}.Release|Any CPU.ActiveCfg = Release|Any CPU
		{C18510B1-ED15-4CDE-8471-2384A30E03F2}.Release|Any CPU.Build.0 = Release|Any CPU
		{7982E9EC-A714-46F5-82A7-F29A392ED0D3}.Debug|Any CPU.ActiveCfg = Debug|Any CPU
		{7982E9EC-A714-46F5-82A7-F29A392ED0D3}.Debug|Any CPU.Build.0 = Debug|Any CPU
		{7982E9EC-A714-46F5-82A7-F29A392ED0D3}.Release|Any CPU.ActiveCfg = Release|Any CPU
		{7982E9EC-A714-46F5-82A7-F29A392ED0D3}.Release|Any CPU.Build.0 = Release|Any CPU
		{849DEB5F-7006-4E54-BD82-C2A883CCCC4C}.Debug|Any CPU.ActiveCfg = Debug|Any CPU
		{849DEB5F-7006-4E54-BD82-C2A883CCCC4C}.Debug|Any CPU.Build.0 = Debug|Any CPU
		{849DEB5F-7006-4E54-BD82-C2A883CCCC4C}.Release|Any CPU.ActiveCfg = Release|Any CPU
		{849DEB5F-7006-4E54-BD82-C2A883CCCC4C}.Release|Any CPU.Build.0 = Release|Any CPU
		{7C371D52-4412-4D1C-A7EE-B0E09B2CE58A}.Debug|Any CPU.ActiveCfg = Debug|Any CPU
		{7C371D52-4412-4D1C-A7EE-B0E09B2CE58A}.Debug|Any CPU.Build.0 = Debug|Any CPU
		{7C371D52-4412-4D1C-A7EE-B0E09B2CE58A}.Release|Any CPU.ActiveCfg = Release|Any CPU
		{7C371D52-4412-4D1C-A7EE-B0E09B2CE58A}.Release|Any CPU.Build.0 = Release|Any CPU
	EndGlobalSection
	GlobalSection(SolutionProperties) = preSolution
		HideSolutionNode = FALSE
	EndGlobalSection
	GlobalSection(ExtensibilityGlobals) = postSolution
		SolutionGuid = {EE5219BD-38E4-42B1-9002-689ACF118EC5}
	EndGlobalSection
EndGlobal
